
Microsoft Visual Studio Solution File, Format Version 12.00
# Visual Studio Version 17
VisualStudioVersion = 17.0.31903.59
MinimumVisualStudioVersion = 10.0.40219.1
Project("{2150E333-8FDC-42A3-9474-1A3956D46DE8}") = "Runtime", "Runtime", "{02EA681E-C7D8-13C7-8484-4AC65E1B71E8}"
EndProject
Project("{2150E333-8FDC-42A3-9474-1A3956D46DE8}") = "PropertySheets", "PropertySheets", "{79A97DC7-FB6D-4ABF-8674-83E48AFDC47C}"
	ProjectSection(SolutionItems) = preProject
		Engine\Source\PropertySheets\mimalloc.props = Engine\Source\PropertySheets\mimalloc.props
		Engine\Source\PropertySheets\Moyu.props = Engine\Source\PropertySheets\Moyu.props
	EndProjectSection
EndProject
Project("{2150E333-8FDC-42A3-9474-1A3956D46DE8}") = "Engine", "Engine", "{30CD9AC4-014B-478F-8224-E7C130B10811}"
EndProject
Global
	GlobalSection(SolutionProperties) = preSolution
		HideSolutionNode = FALSE
	EndGlobalSection
	GlobalSection(ExtensibilityGlobals) = postSolution
		SolutionGuid = {276FE93C-B4BE-486B-8E24-837648D150DD}
	EndGlobalSection
EndGlobal
