
Microsoft Visual Studio Solution File, Format Version 12.00
# Visual Studio Version 17
VisualStudioVersion = 17.0.31903.59
MinimumVisualStudioVersion = 10.0.40219.1
Project("{2150E333-8FDC-42A3-9474-1A3956D46DE8}") = "4. Runtime", "4. Runtime", "{02EA681E-C7D8-13C7-8484-4AC65E1B71E8}"
EndProject
Project("{2150E333-8FDC-42A3-9474-1A3956D46DE8}") = "6. PropertySheets", "6. PropertySheets", "{79A97DC7-FB6D-4ABF-8674-83E48AFDC47C}"
	ProjectSection(SolutionItems) = preProject
		Engine\Source\PropertySheets\DotnetHost.props = Engine\Source\PropertySheets\DotnetHost.props
		Engine\Source\PropertySheets\Mimalloc.props = Engine\Source\PropertySheets\Mimalloc.props
		Engine\Source\PropertySheets\Moyu.props = Engine\Source\PropertySheets\Moyu.props
		Engine\Source\PropertySheets\Spdlog.props = Engine\Source\PropertySheets\Spdlog.props
	EndProjectSection
EndProject
Project("{2150E333-8FDC-42A3-9474-1A3956D46DE8}") = "3. Engine", "3. Engine", "{30CD9AC4-014B-478F-8224-E7C130B10811}"
EndProject
Project("{2150E333-8FDC-42A3-9474-1A3956D46DE8}") = "2. Editor", "2. Editor", "{CC76229A-3917-4F0F-94E0-B3BA9FB8678A}"
EndProject
Project("{8BC9CEB8-8B4A-11D0-8D11-00A0C91BC942}") = "Module", "Engine\Source\Runtime\Module\Module.vcxproj", "{C4D801EA-D7C0-4056-B725-210BC3126B9C}"
EndProject
Project("{8BC9CEB8-8B4A-11D0-8D11-00A0C91BC942}") = "External", "Engine\Source\Runtime\External\External.vcxproj", "{7E8557FD-BB85-4AC8-8D2D-173ACB29B1E3}"
EndProject
Project("{8BC9CEB8-8B4A-11D0-8D11-00A0C91BC942}") = "Base", "Engine\Source\Runtime\Base\Base.vcxproj", "{3C4F74B7-2641-45D0-93CF-DD267E41C9E2}"
EndProject
Project("{2150E333-8FDC-42A3-9474-1A3956D46DE8}") = "1. Launcher", "1. Launcher", "{BCD334FF-907C-45B2-BCCF-EB276083BDAC}"
EndProject
Project("{8BC9CEB8-8B4A-11D0-8D11-00A0C91BC942}") = "Runtime", "Engine\Source\Runtime\Runtime\Runtime.vcxproj", "{5E9FECAC-6D2A-4D1D-8DD4-F1452027D204}"
EndProject
Project("{2150E333-8FDC-42A3-9474-1A3956D46DE8}") = "5. Misc", "5. Misc", "{31385600-D248-424E-A6C6-82A9C06CD067}"
	ProjectSection(SolutionItems) = preProject
		.clang-format = .clang-format
		.editorconfig = .editorconfig
		Engine\Source\cpp.hint = Engine\Source\cpp.hint
		Engine\Source\Directory.Build.props = Engine\Source\Directory.Build.props
	EndProjectSection
EndProject
Project("{8BC9CEB8-8B4A-11D0-8D11-00A0C91BC942}") = "Launcher", "Engine\Source\Launcher\Launcher.vcxproj", "{B0468910-8E9E-4C47-B0B0-F029D62B0406}"
EndProject
Project("{FAE04EC0-301F-11D3-BF4B-00C04F79EFBC}") = "Editor", "Engine\Source\Editor\Editor\Editor.csproj", "{4796BA38-C2A7-6FBC-E0AB-0581539D1CC5}"
EndProject
Project("{FAE04EC0-301F-11D3-BF4B-00C04F79EFBC}") = "Engine", "Engine\Source\Engine\Engine\Engine.csproj", "{6DA10228-0531-8DA0-5986-A60A6730BCC0}"
EndProject
Global
	GlobalSection(SolutionConfigurationPlatforms) = preSolution
		Debug|Any CPU = Debug|Any CPU
		Debug|x64 = Debug|x64
		Release|Any CPU = Release|Any CPU
		Release|x64 = Release|x64
	EndGlobalSection
	GlobalSection(ProjectConfigurationPlatforms) = postSolution
		{C4D801EA-D7C0-4056-B725-210BC3126B9C}.Debug|Any CPU.ActiveCfg = Debug|x64
		{C4D801EA-D7C0-4056-B725-210BC3126B9C}.Debug|Any CPU.Build.0 = Debug|x64
		{C4D801EA-D7C0-4056-B725-210BC3126B9C}.Debug|x64.ActiveCfg = Debug|x64
		{C4D801EA-D7C0-4056-B725-210BC3126B9C}.Debug|x64.Build.0 = Debug|x64
		{C4D801EA-D7C0-4056-B725-210BC3126B9C}.Release|Any CPU.ActiveCfg = Release|x64
		{C4D801EA-D7C0-4056-B725-210BC3126B9C}.Release|Any CPU.Build.0 = Release|x64
		{C4D801EA-D7C0-4056-B725-210BC3126B9C}.Release|x64.ActiveCfg = Release|x64
		{C4D801EA-D7C0-4056-B725-210BC3126B9C}.Release|x64.Build.0 = Release|x64
		{7E8557FD-BB85-4AC8-8D2D-173ACB29B1E3}.Debug|Any CPU.ActiveCfg = Debug|x64
		{7E8557FD-BB85-4AC8-8D2D-173ACB29B1E3}.Debug|Any CPU.Build.0 = Debug|x64
		{7E8557FD-BB85-4AC8-8D2D-173ACB29B1E3}.Debug|x64.ActiveCfg = Debug|x64
		{7E8557FD-BB85-4AC8-8D2D-173ACB29B1E3}.Debug|x64.Build.0 = Debug|x64
		{7E8557FD-BB85-4AC8-8D2D-173ACB29B1E3}.Release|Any CPU.ActiveCfg = Release|x64
		{7E8557FD-BB85-4AC8-8D2D-173ACB29B1E3}.Release|Any CPU.Build.0 = Release|x64
		{7E8557FD-BB85-4AC8-8D2D-173ACB29B1E3}.Release|x64.ActiveCfg = Release|x64
		{7E8557FD-BB85-4AC8-8D2D-173ACB29B1E3}.Release|x64.Build.0 = Release|x64
		{3C4F74B7-2641-45D0-93CF-DD267E41C9E2}.Debug|Any CPU.ActiveCfg = Debug|x64
		{3C4F74B7-2641-45D0-93CF-DD267E41C9E2}.Debug|Any CPU.Build.0 = Debug|x64
		{3C4F74B7-2641-45D0-93CF-DD267E41C9E2}.Debug|x64.ActiveCfg = Debug|x64
		{3C4F74B7-2641-45D0-93CF-DD267E41C9E2}.Debug|x64.Build.0 = Debug|x64
		{3C4F74B7-2641-45D0-93CF-DD267E41C9E2}.Release|Any CPU.ActiveCfg = Release|x64
		{3C4F74B7-2641-45D0-93CF-DD267E41C9E2}.Release|Any CPU.Build.0 = Release|x64
		{3C4F74B7-2641-45D0-93CF-DD267E41C9E2}.Release|x64.ActiveCfg = Release|x64
		{3C4F74B7-2641-45D0-93CF-DD267E41C9E2}.Release|x64.Build.0 = Release|x64
		{5E9FECAC-6D2A-4D1D-8DD4-F1452027D204}.Debug|Any CPU.ActiveCfg = Debug|x64
		{5E9FECAC-6D2A-4D1D-8DD4-F1452027D204}.Debug|Any CPU.Build.0 = Debug|x64
		{5E9FECAC-6D2A-4D1D-8DD4-F1452027D204}.Debug|x64.ActiveCfg = Debug|x64
		{5E9FECAC-6D2A-4D1D-8DD4-F1452027D204}.Debug|x64.Build.0 = Debug|x64
		{5E9FECAC-6D2A-4D1D-8DD4-F1452027D204}.Release|Any CPU.ActiveCfg = Release|x64
		{5E9FECAC-6D2A-4D1D-8DD4-F1452027D204}.Release|Any CPU.Build.0 = Release|x64
		{5E9FECAC-6D2A-4D1D-8DD4-F1452027D204}.Release|x64.ActiveCfg = Release|x64
		{5E9FECAC-6D2A-4D1D-8DD4-F1452027D204}.Release|x64.Build.0 = Release|x64
		{B0468910-8E9E-4C47-B0B0-F029D62B0406}.Debug|Any CPU.ActiveCfg = Debug|x64
		{B0468910-8E9E-4C47-B0B0-F029D62B0406}.Debug|Any CPU.Build.0 = Debug|x64
		{B0468910-8E9E-4C47-B0B0-F029D62B0406}.Debug|x64.ActiveCfg = Debug|x64
		{B0468910-8E9E-4C47-B0B0-F029D62B0406}.Debug|x64.Build.0 = Debug|x64
		{B0468910-8E9E-4C47-B0B0-F029D62B0406}.Release|Any CPU.ActiveCfg = Release|x64
		{B0468910-8E9E-4C47-B0B0-F029D62B0406}.Release|Any CPU.Build.0 = Release|x64
		{B0468910-8E9E-4C47-B0B0-F029D62B0406}.Release|x64.ActiveCfg = Release|x64
		{B0468910-8E9E-4C47-B0B0-F029D62B0406}.Release|x64.Build.0 = Release|x64
		{4796BA38-C2A7-6FBC-E0AB-0581539D1CC5}.Debug|Any CPU.ActiveCfg = Debug|Any CPU
		{4796BA38-C2A7-6FBC-E0AB-0581539D1CC5}.Debug|Any CPU.Build.0 = Debug|Any CPU
		{4796BA38-C2A7-6FBC-E0AB-0581539D1CC5}.Debug|x64.ActiveCfg = Debug|x64
		{4796BA38-C2A7-6FBC-E0AB-0581539D1CC5}.Debug|x64.Build.0 = Debug|x64
		{4796BA38-C2A7-6FBC-E0AB-0581539D1CC5}.Release|Any CPU.ActiveCfg = Release|Any CPU
		{4796BA38-C2A7-6FBC-E0AB-0581539D1CC5}.Release|Any CPU.Build.0 = Release|Any CPU
		{4796BA38-C2A7-6FBC-E0AB-0581539D1CC5}.Release|x64.ActiveCfg = Release|x64
		{4796BA38-C2A7-6FBC-E0AB-0581539D1CC5}.Release|x64.Build.0 = Release|x64
		{6DA10228-0531-8DA0-5986-A60A6730BCC0}.Debug|Any CPU.ActiveCfg = Debug|x64
		{6DA10228-0531-8DA0-5986-A60A6730BCC0}.Debug|Any CPU.Build.0 = Debug|x64
		{6DA10228-0531-8DA0-5986-A60A6730BCC0}.Debug|x64.ActiveCfg = Debug|x64
		{6DA10228-0531-8DA0-5986-A60A6730BCC0}.Debug|x64.Build.0 = Debug|x64
		{6DA10228-0531-8DA0-5986-A60A6730BCC0}.Release|Any CPU.ActiveCfg = Release|x64
		{6DA10228-0531-8DA0-5986-A60A6730BCC0}.Release|Any CPU.Build.0 = Release|x64
		{6DA10228-0531-8DA0-5986-A60A6730BCC0}.Release|x64.ActiveCfg = Release|x64
		{6DA10228-0531-8DA0-5986-A60A6730BCC0}.Release|x64.Build.0 = Release|x64
	EndGlobalSection
	GlobalSection(SolutionProperties) = preSolution
		HideSolutionNode = FALSE
	EndGlobalSection
	GlobalSection(NestedProjects) = preSolution
		{C4D801EA-D7C0-4056-B725-210BC3126B9C} = {02EA681E-C7D8-13C7-8484-4AC65E1B71E8}
		{7E8557FD-BB85-4AC8-8D2D-173ACB29B1E3} = {02EA681E-C7D8-13C7-8484-4AC65E1B71E8}
		{3C4F74B7-2641-45D0-93CF-DD267E41C9E2} = {02EA681E-C7D8-13C7-8484-4AC65E1B71E8}
		{5E9FECAC-6D2A-4D1D-8DD4-F1452027D204} = {02EA681E-C7D8-13C7-8484-4AC65E1B71E8}
		{B0468910-8E9E-4C47-B0B0-F029D62B0406} = {BCD334FF-907C-45B2-BCCF-EB276083BDAC}
		{4796BA38-C2A7-6FBC-E0AB-0581539D1CC5} = {CC76229A-3917-4F0F-94E0-B3BA9FB8678A}
		{6DA10228-0531-8DA0-5986-A60A6730BCC0} = {30CD9AC4-014B-478F-8224-E7C130B10811}
	EndGlobalSection
	GlobalSection(ExtensibilityGlobals) = postSolution
		SolutionGuid = {276FE93C-B4BE-486B-8E24-837648D150DD}
	EndGlobalSection
EndGlobal
