<?xml version="1.0" encoding="utf-8"?>
<Project ToolsVersion="4.0" xmlns="http://schemas.microsoft.com/developer/msbuild/2003">
  <ItemGroup>
    <Filter Include="Source Files">
      <UniqueIdentifier>{4FC737F1-C7A5-4376-A066-2A32D752A2FF}</UniqueIdentifier>
      <Extensions>cpp;c;cc;cxx;c++;cppm;ixx;def;odl;idl;hpj;bat;asm;asmx</Extensions>
    </Filter>
    <Filter Include="API Headers">
      <UniqueIdentifier>{3a2bd74d-a37c-4bb8-b8eb-5441c3f30479}</UniqueIdentifier>
    </Filter>
  </ItemGroup>
  <ItemGroup>
    <ClCompile Include="platform.cpp">
      <Filter>Source Files</Filter>
    </ClCompile>
  </ItemGroup>
  <ItemGroup>
    <ClInclude Include="..\..\..\..\engine\source\runtime\platform\include\platform\moyu_platform_defines.h">
      <Filter>API Headers</Filter>
    </ClInclude>
    <ClInclude Include="..\..\..\..\engine\source\runtime\platform\include\platform\moyu_platform_export.h">
      <Filter>API Headers</Filter>
    </ClInclude>
    <ClInclude Include="..\..\..\..\engine\source\runtime\platform\include\platform\moyu_platform_path.h">
      <Filter>API Headers</Filter>
    </ClInclude>
  </ItemGroup>
</Project>