<?xml version="1.0" encoding="utf-8"?>
<Project ToolsVersion="4.0" xmlns="http://schemas.microsoft.com/developer/msbuild/2003">
  <ItemGroup>
    <ClCompile Include="..\..\engine\source\runtime\main.cpp" />
  </ItemGroup>
  <ItemGroup>
    <Filter Include="host">
      <UniqueIdentifier>{6bcc7b83-4931-4701-a26b-4a75d8170436}</UniqueIdentifier>
    </Filter>
    <Filter Include="platform">
      <UniqueIdentifier>{584a6a5e-ea4c-48f3-81b5-0028c610669e}</UniqueIdentifier>
    </Filter>
    <Filter Include="public">
      <UniqueIdentifier>{ef651054-9bb6-4835-8a0c-3942b70f85a8}</UniqueIdentifier>
    </Filter>
    <Filter Include="platform\include">
      <UniqueIdentifier>{9d71ac18-5e09-4f19-b852-5f5bed1c2cd5}</UniqueIdentifier>
    </Filter>
    <Filter Include="platform\include\platform">
      <UniqueIdentifier>{0c9acbda-fee2-4d05-994b-8626f93523bb}</UniqueIdentifier>
    </Filter>
    <Filter Include="public\host">
      <UniqueIdentifier>{e523d9c4-afc2-4422-bb39-c4c08ad26fca}</UniqueIdentifier>
    </Filter>
  </ItemGroup>
  <ItemGroup>
    <ClInclude Include="..\..\engine\source\runtime\platform\include\platform\moyu_platform_defines.h">
      <Filter>platform\include\platform</Filter>
    </ClInclude>
    <ClInclude Include="..\..\engine\source\runtime\platform\include\platform\moyu_platform_export.h">
      <Filter>platform\include\platform</Filter>
    </ClInclude>
    <ClInclude Include="..\..\engine\source\runtime\platform\include\platform\moyu_platform_gpu.h">
      <Filter>platform\include\platform</Filter>
    </ClInclude>
    <ClInclude Include="..\..\engine\source\runtime\platform\include\platform\moyu_platform_path.h">
      <Filter>platform\include\platform</Filter>
    </ClInclude>
    <ClInclude Include="..\..\engine\source\runtime\platform\include\platform\moyu_platform_window.h">
      <Filter>platform\include\platform</Filter>
    </ClInclude>
    <ClInclude Include="..\..\engine\source\runtime\public\host\moyu_host.h">
      <Filter>public\host</Filter>
    </ClInclude>
    <ClInclude Include="..\..\engine\source\runtime\public\main\main.h">
      <Filter>public</Filter>
    </ClInclude>
  </ItemGroup>
</Project>