<?xml version="1.0" encoding="utf-8"?>
<Project ToolsVersion="4.0" xmlns="http://schemas.microsoft.com/developer/msbuild/2003">
  <ItemGroup>
    <ClCompile Include="..\..\engine\source\runtime\main.cpp" />
  </ItemGroup>
  <ItemGroup>
    <Filter Include="platform">
      <UniqueIdentifier>{584a6a5e-ea4c-48f3-81b5-0028c610669e}</UniqueIdentifier>
    </Filter>
    <Filter Include="public">
      <UniqueIdentifier>{ef651054-9bb6-4835-8a0c-3942b70f85a8}</UniqueIdentifier>
    </Filter>
    <Filter Include="platform\include">
      <UniqueIdentifier>{9d71ac18-5e09-4f19-b852-5f5bed1c2cd5}</UniqueIdentifier>
    </Filter>
    <Filter Include="platform\include\platform">
      <UniqueIdentifier>{0c9acbda-fee2-4d05-994b-8626f93523bb}</UniqueIdentifier>
    </Filter>
    <Filter Include="public\host">
      <UniqueIdentifier>{e523d9c4-afc2-4422-bb39-c4c08ad26fca}</UniqueIdentifier>
    </Filter>
    <Filter Include="public\platform">
      <UniqueIdentifier>{7bc4b67e-6d4d-4d13-8aad-b06dbd763cc2}</UniqueIdentifier>
    </Filter>
    <Filter Include="public\main">
      <UniqueIdentifier>{d1e7f33e-197b-4c49-ba0d-50085bdc225d}</UniqueIdentifier>
    </Filter>
    <Filter Include="public\build">
      <UniqueIdentifier>{e174a461-ba51-4dfa-8884-c7b250a420bc}</UniqueIdentifier>
    </Filter>
    <Filter Include="public\resource">
      <UniqueIdentifier>{7b1dd924-2be2-40a0-8bf9-40f651d526fc}</UniqueIdentifier>
    </Filter>
  </ItemGroup>
  <ItemGroup>
    <ClInclude Include="..\..\engine\source\runtime\platform\include\platform\moyu_platform_gpu.h">
      <Filter>platform\include\platform</Filter>
    </ClInclude>
    <ClInclude Include="..\..\engine\source\runtime\platform\include\platform\moyu_platform_path.h">
      <Filter>platform\include\platform</Filter>
    </ClInclude>
    <ClInclude Include="..\..\engine\source\runtime\platform\include\platform\moyu_platform_window.h">
      <Filter>platform\include\platform</Filter>
    </ClInclude>
    <ClInclude Include="..\..\engine\source\runtime\public\host\moyu_host.h">
      <Filter>public\host</Filter>
    </ClInclude>
    <ClInclude Include="..\..\engine\source\runtime\public\platform\moyu_gpu.h">
      <Filter>public\platform</Filter>
    </ClInclude>
    <ClInclude Include="..\..\engine\source\runtime\public\platform\moyu_window.h">
      <Filter>public\platform</Filter>
    </ClInclude>
    <ClInclude Include="..\..\engine\source\runtime\public\platform\moyu_input.h">
      <Filter>public\platform</Filter>
    </ClInclude>
    <ClInclude Include="..\..\engine\source\runtime\public\main\main.h">
      <Filter>public\main</Filter>
    </ClInclude>
    <ClInclude Include="..\..\engine\source\runtime\public\build\build_config.h">
      <Filter>public\build</Filter>
    </ClInclude>
  </ItemGroup>
</Project>