<?xml version="1.0" encoding="utf-8"?>
<Project ToolsVersion="4.0" xmlns="http://schemas.microsoft.com/developer/msbuild/2003">
  <ItemGroup>
    <Filter Include="_Module">
      <UniqueIdentifier>{719acf12-fb36-4ce5-8e1d-04e679cea9a2}</UniqueIdentifier>
    </Filter>
    <Filter Include="Memory">
      <UniqueIdentifier>{3d85405f-d69d-4f9d-8d5b-b2664a96e15a}</UniqueIdentifier>
    </Filter>
    <Filter Include="External">
      <UniqueIdentifier>{9f0f8968-4c08-45f3-97b4-6142f5ddac86}</UniqueIdentifier>
    </Filter>
    <Filter Include="External\mimalloc">
      <UniqueIdentifier>{a1cd012f-c2b7-4770-9f33-6631ca2b695c}</UniqueIdentifier>
    </Filter>
    <Filter Include="External\mimalloc\include">
      <UniqueIdentifier>{2f4873ec-ad54-4cf0-a353-635f13e93e55}</UniqueIdentifier>
    </Filter>
    <Filter Include="External\mimalloc\src">
      <UniqueIdentifier>{f26bcd26-2f48-4a28-a5fa-70adfec304a2}</UniqueIdentifier>
    </Filter>
    <Filter Include="External\mimalloc\include\mimalloc">
      <UniqueIdentifier>{a7b92c49-3311-46a0-9e5a-84484355831c}</UniqueIdentifier>
    </Filter>
    <Filter Include="External\mimalloc\src\prim">
      <UniqueIdentifier>{a15a955c-7802-4eae-8523-78cb1ba0892d}</UniqueIdentifier>
    </Filter>
    <Filter Include="Object">
      <UniqueIdentifier>{8164eb8a-9c8a-44e7-b969-af0027df2327}</UniqueIdentifier>
    </Filter>
    <Filter Include="Type">
      <UniqueIdentifier>{249eecab-ced9-464a-afce-b32d030f108a}</UniqueIdentifier>
    </Filter>
    <Filter Include="Module">
      <UniqueIdentifier>{b0cf0e6c-472c-475b-b88c-d9219d75e937}</UniqueIdentifier>
    </Filter>
  </ItemGroup>
  <ItemGroup>
    <ClInclude Include="_Module\API.h">
      <Filter>_Module</Filter>
    </ClInclude>
    <ClInclude Include="MoyuMacro.h" />
    <ClInclude Include="..\..\..\External\mimalloc\include\mimalloc.h">
      <Filter>External\mimalloc\include</Filter>
    </ClInclude>
    <ClInclude Include="..\..\..\External\mimalloc\include\mimalloc-new-delete.h">
      <Filter>External\mimalloc\include</Filter>
    </ClInclude>
    <ClInclude Include="..\..\..\External\mimalloc\include\mimalloc-override.h">
      <Filter>External\mimalloc\include</Filter>
    </ClInclude>
    <ClInclude Include="..\..\..\External\mimalloc\include\mimalloc-stats.h">
      <Filter>External\mimalloc\include</Filter>
    </ClInclude>
    <ClInclude Include="..\..\..\External\mimalloc\include\mimalloc\atomic.h">
      <Filter>External\mimalloc\include\mimalloc</Filter>
    </ClInclude>
    <ClInclude Include="..\..\..\External\mimalloc\include\mimalloc\internal.h">
      <Filter>External\mimalloc\include\mimalloc</Filter>
    </ClInclude>
    <ClInclude Include="..\..\..\External\mimalloc\include\mimalloc\prim.h">
      <Filter>External\mimalloc\include\mimalloc</Filter>
    </ClInclude>
    <ClInclude Include="..\..\..\External\mimalloc\include\mimalloc\track.h">
      <Filter>External\mimalloc\include\mimalloc</Filter>
    </ClInclude>
    <ClInclude Include="..\..\..\External\mimalloc\include\mimalloc\types.h">
      <Filter>External\mimalloc\include\mimalloc</Filter>
    </ClInclude>
    <ClInclude Include="Memory\Memory.h">
      <Filter>Memory</Filter>
    </ClInclude>
    <ClInclude Include="Object\Object.h">
      <Filter>Object</Filter>
    </ClInclude>
    <ClInclude Include="Type\Type.h">
      <Filter>Type</Filter>
    </ClInclude>
    <ClInclude Include="Memory\StrongRef.h">
      <Filter>Memory</Filter>
    </ClInclude>
    <ClInclude Include="Module\Module.h">
      <Filter>Module</Filter>
    </ClInclude>
  </ItemGroup>
  <ItemGroup>
    <ClCompile Include="..\..\..\External\mimalloc\src\alloc.c">
      <Filter>External\mimalloc\src</Filter>
    </ClCompile>
    <ClCompile Include="..\..\..\External\mimalloc\src\alloc-aligned.c">
      <Filter>External\mimalloc\src</Filter>
    </ClCompile>
    <ClCompile Include="..\..\..\External\mimalloc\src\alloc-posix.c">
      <Filter>External\mimalloc\src</Filter>
    </ClCompile>
    <ClCompile Include="..\..\..\External\mimalloc\src\arena.c">
      <Filter>External\mimalloc\src</Filter>
    </ClCompile>
    <ClCompile Include="..\..\..\External\mimalloc\src\bitmap.c">
      <Filter>External\mimalloc\src</Filter>
    </ClCompile>
    <ClCompile Include="..\..\..\External\mimalloc\src\heap.c">
      <Filter>External\mimalloc\src</Filter>
    </ClCompile>
    <ClCompile Include="..\..\..\External\mimalloc\src\init.c">
      <Filter>External\mimalloc\src</Filter>
    </ClCompile>
    <ClCompile Include="..\..\..\External\mimalloc\src\libc.c">
      <Filter>External\mimalloc\src</Filter>
    </ClCompile>
    <ClCompile Include="..\..\..\External\mimalloc\src\options.c">
      <Filter>External\mimalloc\src</Filter>
    </ClCompile>
    <ClCompile Include="..\..\..\External\mimalloc\src\os.c">
      <Filter>External\mimalloc\src</Filter>
    </ClCompile>
    <ClCompile Include="..\..\..\External\mimalloc\src\page.c">
      <Filter>External\mimalloc\src</Filter>
    </ClCompile>
    <ClCompile Include="..\..\..\External\mimalloc\src\random.c">
      <Filter>External\mimalloc\src</Filter>
    </ClCompile>
    <ClCompile Include="..\..\..\External\mimalloc\src\segment.c">
      <Filter>External\mimalloc\src</Filter>
    </ClCompile>
    <ClCompile Include="..\..\..\External\mimalloc\src\segment-map.c">
      <Filter>External\mimalloc\src</Filter>
    </ClCompile>
    <ClCompile Include="..\..\..\External\mimalloc\src\stats.c">
      <Filter>External\mimalloc\src</Filter>
    </ClCompile>
    <ClCompile Include="..\..\..\External\mimalloc\src\prim\prim.c">
      <Filter>External\mimalloc\src\prim</Filter>
    </ClCompile>
    <ClCompile Include="Memory\Memory.cpp">
      <Filter>Memory</Filter>
    </ClCompile>
    <ClCompile Include="Object\Object.cpp">
      <Filter>Object</Filter>
    </ClCompile>
    <ClCompile Include="Type\Type.cpp">
      <Filter>Type</Filter>
    </ClCompile>
    <ClCompile Include="Module\Module.cpp">
      <Filter>Module</Filter>
    </ClCompile>
  </ItemGroup>
  <ItemGroup>
    <None Include="cpp.hint" />
    <None Include="..\..\..\External\mimalloc\src\prim\readme.md">
      <Filter>External\mimalloc\src\prim</Filter>
    </None>
  </ItemGroup>
</Project>